
Microsoft Visual Studio Solution File, Format Version 12.00
# Visual Studio Version 16
VisualStudioVersion = 16.0.30907.101
MinimumVisualStudioVersion = 10.0.40219.1
Project("{FAE04EC0-301F-11D3-BF4B-00C04F79EFBC}") = "HyperVDriverThreadDetection", "HyperVDriverThreadDetection\HyperVDriverThreadDetection.csproj", "{77566646-A384-4F42-ADC0-8F7EBE6BD8C9}"
EndProject
Global
	GlobalSection(SolutionConfigurationPlatforms) = preSolution
		Debug|Any CPU = Debug|Any CPU
		Debug|x64 = Debug|x64
		Release|Any CPU = Release|Any CPU
		Release|x64 = Release|x64
	EndGlobalSection
	GlobalSection(ProjectConfigurationPlatforms) = postSolution
		{77566646-A384-4F42-ADC0-8F7EBE6BD8C9}.Debug|Any CPU.ActiveCfg = Debug|Any CPU
		{77566646-A384-4F42-ADC0-8F7EBE6BD8C9}.Debug|Any CPU.Build.0 = Debug|Any CPU
		{77566646-A384-4F42-ADC0-8F7EBE6BD8C9}.Debug|x64.ActiveCfg = Debug|x64
		{77566646-A384-4F42-ADC0-8F7EBE6BD8C9}.Debug|x64.Build.0 = Debug|x64
		{77566646-A384-4F42-ADC0-8F7EBE6BD8C9}.Release|Any CPU.ActiveCfg = Release|Any CPU
		{77566646-A384-4F42-ADC0-8F7EBE6BD8C9}.Release|Any CPU.Build.0 = Release|Any CPU
		{77566646-A384-4F42-ADC0-8F7EBE6BD8C9}.Release|x64.ActiveCfg = Release|x64
		{77566646-A384-4F42-ADC0-8F7EBE6BD8C9}.Release|x64.Build.0 = Release|x64
	EndGlobalSection
	GlobalSection(SolutionProperties) = preSolution
		HideSolutionNode = FALSE
	EndGlobalSection
	GlobalSection(ExtensibilityGlobals) = postSolution
		SolutionGuid = {4270EE7D-D41E-4BF7-AD44-63C5E9C0F474}
	EndGlobalSection
EndGlobal
